
Microsoft Visual Studio Solution File, Format Version 12.00
# Visual Studio 15
VisualStudioVersion = 15.0.28307.168
MinimumVisualStudioVersion = 10.0.40219.1
Project("{FAE04EC0-301F-11D3-BF4B-00C04F79EFBC}") = "FinalExam.UITests", "FinalExam.UITests\FinalExam.UITests.csproj", "{B2D80AB0-A94B-46BA-911B-6BF4DC7799C4}"
EndProject
Project("{FAE04EC0-301F-11D3-BF4B-00C04F79EFBC}") = "FinalExam.ApiTests", "FinalExam.ApiTests\FinalExam.ApiTests.csproj", "{719FDABB-2714-47D4-A1A9-1B8A4165333C}"
EndProject
Global
	GlobalSection(SolutionConfigurationPlatforms) = preSolution
		Debug|Any CPU = Debug|Any CPU
		Release|Any CPU = Release|Any CPU
	EndGlobalSection
	GlobalSection(ProjectConfigurationPlatforms) = postSolution
		{B2D80AB0-A94B-46BA-911B-6BF4DC7799C4}.Debug|Any CPU.ActiveCfg = Debug|Any CPU
		{B2D80AB0-A94B-46BA-911B-6BF4DC7799C4}.Debug|Any CPU.Build.0 = Debug|Any CPU
		{B2D80AB0-A94B-46BA-911B-6BF4DC7799C4}.Release|Any CPU.ActiveCfg = Release|Any CPU
		{B2D80AB0-A94B-46BA-911B-6BF4DC7799C4}.Release|Any CPU.Build.0 = Release|Any CPU
		{719FDABB-2714-47D4-A1A9-1B8A4165333C}.Debug|Any CPU.ActiveCfg = Debug|Any CPU
		{719FDABB-2714-47D4-A1A9-1B8A4165333C}.Debug|Any CPU.Build.0 = Debug|Any CPU
		{719FDABB-2714-47D4-A1A9-1B8A4165333C}.Release|Any CPU.ActiveCfg = Release|Any CPU
		{719FDABB-2714-47D4-A1A9-1B8A4165333C}.Release|Any CPU.Build.0 = Release|Any CPU
	EndGlobalSection
	GlobalSection(SolutionProperties) = preSolution
		HideSolutionNode = FALSE
	EndGlobalSection
	GlobalSection(ExtensibilityGlobals) = postSolution
		SolutionGuid = {DAB0B431-42CF-42BE-A7B6-B6B7AE7F2CCA}
	EndGlobalSection
EndGlobal
